// !$*UTF8*$!
{
	archiveVersion = 1;
	classes = {
	};
	objectVersion = 46;
	objects = {

/* Begin PBXBuildFile section */
		95B51F331F319E9500070E1D /* AppDelegate.swift in Sources */ = {isa = PBXBuildFile; fileRef = 95B51F321F319E9500070E1D /* AppDelegate.swift */; };
		95B51F351F319E9500070E1D /* ViewController.swift in Sources */ = {isa = PBXBuildFile; fileRef = 95B51F341F319E9500070E1D /* ViewController.swift */; };
		95B51F381F319E9500070E1D /* Main.storyboard in Resources */ = {isa = PBXBuildFile; fileRef = 95B51F361F319E9500070E1D /* Main.storyboard */; };
		95B51F3B1F319E9500070E1D /* IOer.xcdatamodeld in Sources */ = {isa = PBXBuildFile; fileRef = 95B51F391F319E9500070E1D /* IOer.xcdatamodeld */; };
		95B51F3D1F319E9500070E1D /* Assets.xcassets in Resources */ = {isa = PBXBuildFile; fileRef = 95B51F3C1F319E9500070E1D /* Assets.xcassets */; };
		95B51F401F319E9500070E1D /* LaunchScreen.storyboard in Resources */ = {isa = PBXBuildFile; fileRef = 95B51F3E1F319E9500070E1D /* LaunchScreen.storyboard */; };
		95B51F4B1F319E9500070E1D /* IOerTests.swift in Sources */ = {isa = PBXBuildFile; fileRef = 95B51F4A1F319E9500070E1D /* IOerTests.swift */; };
/* End PBXBuildFile section */

/* Begin PBXContainerItemProxy section */
		95B51F471F319E9500070E1D /* PBXContainerItemProxy */ = {
			isa = PBXContainerItemProxy;
			containerPortal = 95B51F271F319E9500070E1D /* Project object */;
			proxyType = 1;
			remoteGlobalIDString = 95B51F2E1F319E9500070E1D;
			remoteInfo = IOer;
		};
/* End PBXContainerItemProxy section */

/* Begin PBXFileReference section */
		95B51F2F1F319E9500070E1D /* IOer.app */ = {isa = PBXFileReference; explicitFileType = wrapper.application; includeInIndex = 0; path = IOer.app; sourceTree = BUILT_PRODUCTS_DIR; };
		95B51F321F319E9500070E1D /* AppDelegate.swift */ = {isa = PBXFileReference; lastKnownFileType = sourcecode.swift; path = AppDelegate.swift; sourceTree = "<group>"; };
		95B51F341F319E9500070E1D /* ViewController.swift */ = {isa = PBXFileReference; lastKnownFileType = sourcecode.swift; path = ViewController.swift; sourceTree = "<group>"; };
		95B51F371F319E9500070E1D /* Base */ = {isa = PBXFileReference; lastKnownFileType = file.storyboard; name = Base; path = Base.lproj/Main.storyboard; sourceTree = "<group>"; };
		95B51F3A1F319E9500070E1D /* IOer.xcdatamodel */ = {isa = PBXFileReference; lastKnownFileType = wrapper.xcdatamodel; path = IOer.xcdatamodel; sourceTree = "<group>"; };
		95B51F3C1F319E9500070E1D /* Assets.xcassets */ = {isa = PBXFileReference; lastKnownFileType = folder.assetcatalog; path = Assets.xcassets; sourceTree = "<group>"; };
		95B51F3F1F319E9500070E1D /* Base */ = {isa = PBXFileReference; lastKnownFileType = file.storyboard; name = Base; path = Base.lproj/LaunchScreen.storyboard; sourceTree = "<group>"; };
		95B51F411F319E9500070E1D /* Info.plist */ = {isa = PBXFileReference; lastKnownFileType = text.plist.xml; path = Info.plist; sourceTree = "<group>"; };
		95B51F461F319E9500070E1D /* IOerTests.xctest */ = {isa = PBXFileReference; explicitFileType = wrapper.cfbundle; includeInIndex = 0; path = IOerTests.xctest; sourceTree = BUILT_PRODUCTS_DIR; };
		95B51F4A1F319E9500070E1D /* IOerTests.swift */ = {isa = PBXFileReference; lastKnownFileType = sourcecode.swift; path = IOerTests.swift; sourceTree = "<group>"; };
		95B51F4C1F319E9500070E1D /* Info.plist */ = {isa = PBXFileReference; lastKnownFileType = text.plist.xml; path = Info.plist; sourceTree = "<group>"; };
/* End PBXFileReference section */

/* Begin PBXFrameworksBuildPhase section */
		95B51F2C1F319E9500070E1D /* Frameworks */ = {
			isa = PBXFrameworksBuildPhase;
			buildActionMask = 2147483647;
			files = (
			);
			runOnlyForDeploymentPostprocessing = 0;
		};
		95B51F431F319E9500070E1D /* Frameworks */ = {
			isa = PBXFrameworksBuildPhase;
			buildActionMask = 2147483647;
			files = (
			);
			runOnlyForDeploymentPostprocessing = 0;
		};
/* End PBXFrameworksBuildPhase section */

/* Begin PBXGroup section */
		95B51F261F319E9500070E1D = {
			isa = PBXGroup;
			children = (
				95B51F311F319E9500070E1D /* IOer */,
				95B51F491F319E9500070E1D /* IOerTests */,
				95B51F301F319E9500070E1D /* Products */,
			);
			sourceTree = "<group>";
		};
		95B51F301F319E9500070E1D /* Products */ = {
			isa = PBXGroup;
			children = (
				95B51F2F1F319E9500070E1D /* IOer.app */,
				95B51F461F319E9500070E1D /* IOerTests.xctest */,
			);
			name = Products;
			sourceTree = "<group>";
		};
		95B51F311F319E9500070E1D /* IOer */ = {
			isa = PBXGroup;
			children = (
				95B51F321F319E9500070E1D /* AppDelegate.swift */,
				95B51F341F319E9500070E1D /* ViewController.swift */,
				95B51F361F319E9500070E1D /* Main.storyboard */,
				95B51F3C1F319E9500070E1D /* Assets.xcassets */,
				95B51F3E1F319E9500070E1D /* LaunchScreen.storyboard */,
				95B51F411F319E9500070E1D /* Info.plist */,
				95B51F391F319E9500070E1D /* IOer.xcdatamodeld */,
			);
			path = IOer;
			sourceTree = "<group>";
		};
		95B51F491F319E9500070E1D /* IOerTests */ = {
			isa = PBXGroup;
			children = (
				95B51F4A1F319E9500070E1D /* IOerTests.swift */,
				95B51F4C1F319E9500070E1D /* Info.plist */,
			);
			path = IOerTests;
			sourceTree = "<group>";
		};
/* End PBXGroup section */

/* Begin PBXNativeTarget section */
		95B51F2E1F319E9500070E1D /* IOer */ = {
			isa = PBXNativeTarget;
			buildConfigurationList = 95B51F4F1F319E9500070E1D /* Build configuration list for PBXNativeTarget "IOer" */;
			buildPhases = (
				95B51F2B1F319E9500070E1D /* Sources */,
				95B51F2C1F319E9500070E1D /* Frameworks */,
				95B51F2D1F319E9500070E1D /* Resources */,
			);
			buildRules = (
			);
			dependencies = (
			);
			name = IOer;
			productName = IOer;
			productReference = 95B51F2F1F319E9500070E1D /* IOer.app */;
			productType = "com.apple.product-type.application";
		};
		95B51F451F319E9500070E1D /* IOerTests */ = {
			isa = PBXNativeTarget;
			buildConfigurationList = 95B51F521F319E9500070E1D /* Build configuration list for PBXNativeTarget "IOerTests" */;
			buildPhases = (
				95B51F421F319E9500070E1D /* Sources */,
				95B51F431F319E9500070E1D /* Frameworks */,
				95B51F441F319E9500070E1D /* Resources */,
			);
			buildRules = (
			);
			dependencies = (
				95B51F481F319E9500070E1D /* PBXTargetDependency */,
			);
			name = IOerTests;
			productName = IOerTests;
			productReference = 95B51F461F319E9500070E1D /* IOerTests.xctest */;
			productType = "com.apple.product-type.bundle.unit-test";
		};
/* End PBXNativeTarget section */

/* Begin PBXProject section */
		95B51F271F319E9500070E1D /* Project object */ = {
			isa = PBXProject;
			attributes = {
				LastSwiftUpdateCheck = 0830;
				LastUpgradeCheck = 0830;
				ORGANIZATIONNAME = mwsoho;
				TargetAttributes = {
					95B51F2E1F319E9500070E1D = {
						CreatedOnToolsVersion = 8.3.3;
						DevelopmentTeam = 6YJ96LC848;
						ProvisioningStyle = Automatic;
					};
					95B51F451F319E9500070E1D = {
						CreatedOnToolsVersion = 8.3.3;
						DevelopmentTeam = 6YJ96LC848;
						ProvisioningStyle = Automatic;
						TestTargetID = 95B51F2E1F319E9500070E1D;
					};
				};
			};
			buildConfigurationList = 95B51F2A1F319E9500070E1D /* Build configuration list for PBXProject "IOer" */;
			compatibilityVersion = "Xcode 3.2";
			developmentRegion = English;
			hasScannedForEncodings = 0;
			knownRegions = (
				en,
				Base,
			);
			mainGroup = 95B51F261F319E9500070E1D;
			productRefGroup = 95B51F301F319E9500070E1D /* Products */;
			projectDirPath = "";
			projectRoot = "";
			targets = (
				95B51F2E1F319E9500070E1D /* IOer */,
				95B51F451F319E9500070E1D /* IOerTests */,
			);
		};
/* End PBXProject section */

/* Begin PBXResourcesBuildPhase section */
		95B51F2D1F319E9500070E1D /* Resources */ = {
			isa = PBXResourcesBuildPhase;
			buildActionMask = 2147483647;
			files = (
				95B51F401F319E9500070E1D /* LaunchScreen.storyboard in Resources */,
				95B51F3D1F319E9500070E1D /* Assets.xcassets in Resources */,
				95B51F381F319E9500070E1D /* Main.storyboard in Resources */,
			);
			runOnlyForDeploymentPostprocessing = 0;
		};
		95B51F441F319E9500070E1D /* Resources */ = {
			isa = PBXResourcesBuildPhase;
			buildActionMask = 2147483647;
			files = (
			);
			runOnlyForDeploymentPostprocessing = 0;
		};
/* End PBXResourcesBuildPhase section */

/* Begin PBXSourcesBuildPhase section */
		95B51F2B1F319E9500070E1D /* Sources */ = {
			isa = PBXSourcesBuildPhase;
			buildActionMask = 2147483647;
			files = (
				95B51F351F319E9500070E1D /* ViewController.swift in Sources */,
				95B51F331F319E9500070E1D /* AppDelegate.swift in Sources */,
				95B51F3B1F319E9500070E1D /* IOer.xcdatamodeld in Sources */,
			);
			runOnlyForDeploymentPostprocessing = 0;
		};
		95B51F421F319E9500070E1D /* Sources */ = {
			isa = PBXSourcesBuildPhase;
			buildActionMask = 2147483647;
			files = (
				95B51F4B1F319E9500070E1D /* IOerTests.swift in Sources */,
			);
			runOnlyForDeploymentPostprocessing = 0;
		};
/* End PBXSourcesBuildPhase section */

/* Begin PBXTargetDependency section */
		95B51F481F319E9500070E1D /* PBXTargetDependency */ = {
			isa = PBXTargetDependency;
			target = 95B51F2E1F319E9500070E1D /* IOer */;
			targetProxy = 95B51F471F319E9500070E1D /* PBXContainerItemProxy */;
		};
/* End PBXTargetDependency section */

/* Begin PBXVariantGroup section */
		95B51F361F319E9500070E1D /* Main.storyboard */ = {
			isa = PBXVariantGroup;
			children = (
				95B51F371F319E9500070E1D /* Base */,
			);
			name = Main.storyboard;
			sourceTree = "<group>";
		};
		95B51F3E1F319E9500070E1D /* LaunchScreen.storyboard */ = {
			isa = PBXVariantGroup;
			children = (
				95B51F3F1F319E9500070E1D /* Base */,
			);
			name = LaunchScreen.storyboard;
			sourceTree = "<group>";
		};
/* End PBXVariantGroup section */

/* Begin XCBuildConfiguration section */
		95B51F4D1F319E9500070E1D /* Debug */ = {
			isa = XCBuildConfiguration;
			buildSettings = {
				ALWAYS_SEARCH_USER_PATHS = NO;
				CLANG_ANALYZER_NONNULL = YES;
				CLANG_ANALYZER_NUMBER_OBJECT_CONVERSION = YES_AGGRESSIVE;
				CLANG_CXX_LANGUAGE_STANDARD = "gnu++0x";
				CLANG_CXX_LIBRARY = "libc++";
				CLANG_ENABLE_MODULES = YES;
				CLANG_ENABLE_OBJC_ARC = YES;
				CLANG_WARN_BOOL_CONVERSION = YES;
				CLANG_WARN_CONSTANT_CONVERSION = YES;
				CLANG_WARN_DIRECT_OBJC_ISA_USAGE = YES_ERROR;
				CLANG_WARN_DOCUMENTATION_COMMENTS = YES;
				CLANG_WARN_EMPTY_BODY = YES;
				CLANG_WARN_ENUM_CONVERSION = YES;
				CLANG_WARN_INFINITE_RECURSION = YES;
				CLANG_WARN_INT_CONVERSION = YES;
				CLANG_WARN_OBJC_ROOT_CLASS = YES_ERROR;
				CLANG_WARN_SUSPICIOUS_MOVE = YES;
				CLANG_WARN_UNREACHABLE_CODE = YES;
				CLANG_WARN__DUPLICATE_METHOD_MATCH = YES;
				"CODE_SIGN_IDENTITY[sdk=iphoneos*]" = "iPhone Developer";
				COPY_PHASE_STRIP = NO;
				DEBUG_INFORMATION_FORMAT = dwarf;
				ENABLE_STRICT_OBJC_MSGSEND = YES;
				ENABLE_TESTABILITY = YES;
				GCC_C_LANGUAGE_STANDARD = gnu99;
				GCC_DYNAMIC_NO_PIC = NO;
				GCC_NO_COMMON_BLOCKS = YES;
				GCC_OPTIMIZATION_LEVEL = 0;
				GCC_PREPROCESSOR_DEFINITIONS = (
					"DEBUG=1",
					"$(inherited)",
				);
				GCC_WARN_64_TO_32_BIT_CONVERSION = YES;
				GCC_WARN_ABOUT_RETURN_TYPE = YES_ERROR;
				GCC_WARN_UNDECLARED_SELECTOR = YES;
				GCC_WARN_UNINITIALIZED_AUTOS = YES_AGGRESSIVE;
				GCC_WARN_UNUSED_FUNCTION = YES;
				GCC_WARN_UNUSED_VARIABLE = YES;
				IPHONEOS_DEPLOYMENT_TARGET = 10.3;
				MTL_ENABLE_DEBUG_INFO = YES;
				ONLY_ACTIVE_ARCH = YES;
				SDKROOT = iphoneos;
				SWIFT_ACTIVE_COMPILATION_CONDITIONS = DEBUG;
				SWIFT_OPTIMIZATION_LEVEL = "-Onone";
				TARGETED_DEVICE_FAMILY = "1,2";
			};
			name = Debug;
		};
		95B51F4E1F319E9500070E1D /* Release */ = {
			isa = XCBuildConfiguration;
			buildSettings = {
				ALWAYS_SEARCH_USER_PATHS = NO;
				CLANG_ANALYZER_NONNULL = YES;
				CLANG_ANALYZER_NUMBER_OBJECT_CONVERSION = YES_AGGRESSIVE;
				CLANG_CXX_LANGUAGE_STANDARD = "gnu++0x";
				CLANG_CXX_LIBRARY = "libc++";
				CLANG_ENABLE_MODULES = YES;
				CLANG_ENABLE_OBJC_ARC = YES;
				CLANG_WARN_BOOL_CONVERSION = YES;
				CLANG_WARN_CONSTANT_CONVERSION = YES;
				CLANG_WARN_DIRECT_OBJC_ISA_USAGE = YES_ERROR;
				CLANG_WARN_DOCUMENTATION_COMMENTS = YES;
				CLANG_WARN_EMPTY_BODY = YES;
				CLANG_WARN_ENUM_CONVERSION = YES;
				CLANG_WARN_INFINITE_RECURSION = YES;
				CLANG_WARN_INT_CONVERSION = YES;
				CLANG_WARN_OBJC_ROOT_CLASS = YES_ERROR;
				CLANG_WARN_SUSPICIOUS_MOVE = YES;
				CLANG_WARN_UNREACHABLE_CODE = YES;
				CLANG_WARN__DUPLICATE_METHOD_MATCH = YES;
				"CODE_SIGN_IDENTITY[sdk=iphoneos*]" = "iPhone Developer";
				COPY_PHASE_STRIP = NO;
				DEBUG_INFORMATION_FORMAT = "dwarf-with-dsym";
				ENABLE_NS_ASSERTIONS = NO;
				ENABLE_STRICT_OBJC_MSGSEND = YES;
				GCC_C_LANGUAGE_STANDARD = gnu99;
				GCC_NO_COMMON_BLOCKS = YES;
				GCC_WARN_64_TO_32_BIT_CONVERSION = YES;
				GCC_WARN_ABOUT_RETURN_TYPE = YES_ERROR;
				GCC_WARN_UNDECLARED_SELECTOR = YES;
				GCC_WARN_UNINITIALIZED_AUTOS = YES_AGGRESSIVE;
				GCC_WARN_UNUSED_FUNCTION = YES;
				GCC_WARN_UNUSED_VARIABLE = YES;
				IPHONEOS_DEPLOYMENT_TARGET = 10.3;
				MTL_ENABLE_DEBUG_INFO = NO;
				SDKROOT = iphoneos;
				SWIFT_OPTIMIZATION_LEVEL = "-Owholemodule";
				TARGETED_DEVICE_FAMILY = "1,2";
				VALIDATE_PRODUCT = YES;
			};
			name = Release;
		};
		95B51F501F319E9500070E1D /* Debug */ = {
			isa = XCBuildConfiguration;
			buildSettings = {
				ASSETCATALOG_COMPILER_APPICON_NAME = AppIcon;
				DEVELOPMENT_TEAM = 6YJ96LC848;
				INFOPLIST_FILE = IOer/Info.plist;
				LD_RUNPATH_SEARCH_PATHS = "$(inherited) @executable_path/Frameworks";
				PRODUCT_BUNDLE_IDENTIFIER = com.mwsoho.IOer;
				PRODUCT_NAME = "$(TARGET_NAME)";
				SWIFT_VERSION = 3.0;
			};
			name = Debug;
		};
		95B51F511F319E9500070E1D /* Release */ = {
			isa = XCBuildConfiguration;
			buildSettings = {
				ASSETCATALOG_COMPILER_APPICON_NAME = AppIcon;
				DEVELOPMENT_TEAM = 6YJ96LC848;
				INFOPLIST_FILE = IOer/Info.plist;
				LD_RUNPATH_SEARCH_PATHS = "$(inherited) @executable_path/Frameworks";
				PRODUCT_BUNDLE_IDENTIFIER = com.mwsoho.IOer;
				PRODUCT_NAME = "$(TARGET_NAME)";
				SWIFT_VERSION = 3.0;
			};
			name = Release;
		};
		95B51F531F319E9500070E1D /* Debug */ = {
			isa = XCBuildConfiguration;
			buildSettings = {
				ALWAYS_EMBED_SWIFT_STANDARD_LIBRARIES = YES;
				BUNDLE_LOADER = "$(TEST_HOST)";
				DEVELOPMENT_TEAM = 6YJ96LC848;
				INFOPLIST_FILE = IOerTests/Info.plist;
				LD_RUNPATH_SEARCH_PATHS = "$(inherited) @executable_path/Frameworks @loader_path/Frameworks";
				PRODUCT_BUNDLE_IDENTIFIER = com.mwsoho.IOerTests;
				PRODUCT_NAME = "$(TARGET_NAME)";
				SWIFT_VERSION = 3.0;
				TEST_HOST = "$(BUILT_PRODUCTS_DIR)/IOer.app/IOer";
			};
			name = Debug;
		};
		95B51F541F319E9500070E1D /* Release */ = {
			isa = XCBuildConfiguration;
			buildSettings = {
				ALWAYS_EMBED_SWIFT_STANDARD_LIBRARIES = YES;
				BUNDLE_LOADER = "$(TEST_HOST)";
				DEVELOPMENT_TEAM = 6YJ96LC848;
				INFOPLIST_FILE = IOerTests/Info.plist;
				LD_RUNPATH_SEARCH_PATHS = "$(inherited) @executable_path/Frameworks @loader_path/Frameworks";
				PRODUCT_BUNDLE_IDENTIFIER = com.mwsoho.IOerTests;
				PRODUCT_NAME = "$(TARGET_NAME)";
				SWIFT_VERSION = 3.0;
				TEST_HOST = "$(BUILT_PRODUCTS_DIR)/IOer.app/IOer";
			};
			name = Release;
		};
/* End XCBuildConfiguration section */

/* Begin XCConfigurationList section */
		95B51F2A1F319E9500070E1D /* Build configuration list for PBXProject "IOer" */ = {
			isa = XCConfigurationList;
			buildConfigurations = (
				95B51F4D1F319E9500070E1D /* Debug */,
				95B51F4E1F319E9500070E1D /* Release */,
			);
			defaultConfigurationIsVisible = 0;
			defaultConfigurationName = Release;
		};
		95B51F4F1F319E9500070E1D /* Build configuration list for PBXNativeTarget "IOer" */ = {
			isa = XCConfigurationList;
			buildConfigurations = (
				95B51F501F319E9500070E1D /* Debug */,
				95B51F511F319E9500070E1D /* Release */,
			);
			defaultConfigurationIsVisible = 0;
		};
		95B51F521F319E9500070E1D /* Build configuration list for PBXNativeTarget "IOerTests" */ = {
			isa = XCConfigurationList;
			buildConfigurations = (
				95B51F531F319E9500070E1D /* Debug */,
				95B51F541F319E9500070E1D /* Release */,
			);
			defaultConfigurationIsVisible = 0;
		};
/* End XCConfigurationList section */

/* Begin XCVersionGroup section */
		95B51F391F319E9500070E1D /* IOer.xcdatamodeld */ = {
			isa = XCVersionGroup;
			children = (
				95B51F3A1F319E9500070E1D /* IOer.xcdatamodel */,
			);
			currentVersion = 95B51F3A1F319E9500070E1D /* IOer.xcdatamodel */;
			path = IOer.xcdatamodeld;
			sourceTree = "<group>";
			versionGroupType = wrapper.xcdatamodel;
		};
/* End XCVersionGroup section */
	};
	rootObject = 95B51F271F319E9500070E1D /* Project object */;
}
